
Microsoft Visual Studio Solution File, Format Version 12.00
# Visual Studio 15
VisualStudioVersion = 15.0.26730.16
MinimumVisualStudioVersion = 10.0.40219.1
Project("{FAE04EC0-301F-11D3-BF4B-00C04F79EFBC}") = "Messager.Model", "Messager.Model\Messager.Model.csproj", "{1E371F09-6E92-4817-B2F2-7C2F84FDA47C}"
EndProject
Project("{FAE04EC0-301F-11D3-BF4B-00C04F79EFBC}") = "Messager.DataLayer", "Messager.DataLayer\Messager.DataLayer.csproj", "{C05BCA68-248B-478B-A1B9-2CAC844FBEDD}"
EndProject
Project("{FAE04EC0-301F-11D3-BF4B-00C04F79EFBC}") = "Messager.DataLayer.Sql", "Messager.DataLayer.Sql\Messager.DataLayer.Sql.csproj", "{76F6338E-060F-4AB7-8515-3962F18C5461}"
EndProject
Project("{FAE04EC0-301F-11D3-BF4B-00C04F79EFBC}") = "Messager.DataLayer.Sql.Tests", "Messager.DataLayer.Sql.Tests\Messager.DataLayer.Sql.Tests.csproj", "{01AF7C53-6EEC-4D8A-9244-417C9BEDE19F}"
EndProject
Project("{FAE04EC0-301F-11D3-BF4B-00C04F79EFBC}") = "Messager.Api", "Messager.Api\Messager.Api.csproj", "{693F79A8-C17D-4747-8C65-9556FD8B4905}"
EndProject
Project("{FAE04EC0-301F-11D3-BF4B-00C04F79EFBC}") = "Messager.Logger", "Messager.Logger\Messager.Logger.csproj", "{F9F0449E-31A4-4812-829E-A38382015CB3}"
EndProject
Project("{FAE04EC0-301F-11D3-BF4B-00C04F79EFBC}") = "Messager.Filters", "Messager.Filters\Messager.Filters.csproj", "{A7F75C10-9434-463A-9EDF-9C3AA03250D0}"
EndProject
Project("{FAE04EC0-301F-11D3-BF4B-00C04F79EFBC}") = "Messager.WinForms", "Messager.WinForms\Messager.WinForms.csproj", "{91FAF6BA-FDF9-4AB2-8774-611886CD4F84}"
EndProject
Global
	GlobalSection(SolutionConfigurationPlatforms) = preSolution
		Debug|Any CPU = Debug|Any CPU
		Release|Any CPU = Release|Any CPU
	EndGlobalSection
	GlobalSection(ProjectConfigurationPlatforms) = postSolution
		{1E371F09-6E92-4817-B2F2-7C2F84FDA47C}.Debug|Any CPU.ActiveCfg = Debug|Any CPU
		{1E371F09-6E92-4817-B2F2-7C2F84FDA47C}.Debug|Any CPU.Build.0 = Debug|Any CPU
		{1E371F09-6E92-4817-B2F2-7C2F84FDA47C}.Release|Any CPU.ActiveCfg = Release|Any CPU
		{1E371F09-6E92-4817-B2F2-7C2F84FDA47C}.Release|Any CPU.Build.0 = Release|Any CPU
		{C05BCA68-248B-478B-A1B9-2CAC844FBEDD}.Debug|Any CPU.ActiveCfg = Debug|Any CPU
		{C05BCA68-248B-478B-A1B9-2CAC844FBEDD}.Debug|Any CPU.Build.0 = Debug|Any CPU
		{C05BCA68-248B-478B-A1B9-2CAC844FBEDD}.Release|Any CPU.ActiveCfg = Release|Any CPU
		{C05BCA68-248B-478B-A1B9-2CAC844FBEDD}.Release|Any CPU.Build.0 = Release|Any CPU
		{76F6338E-060F-4AB7-8515-3962F18C5461}.Debug|Any CPU.ActiveCfg = Debug|Any CPU
		{76F6338E-060F-4AB7-8515-3962F18C5461}.Debug|Any CPU.Build.0 = Debug|Any CPU
		{76F6338E-060F-4AB7-8515-3962F18C5461}.Release|Any CPU.ActiveCfg = Release|Any CPU
		{76F6338E-060F-4AB7-8515-3962F18C5461}.Release|Any CPU.Build.0 = Release|Any CPU
		{01AF7C53-6EEC-4D8A-9244-417C9BEDE19F}.Debug|Any CPU.ActiveCfg = Debug|Any CPU
		{01AF7C53-6EEC-4D8A-9244-417C9BEDE19F}.Debug|Any CPU.Build.0 = Debug|Any CPU
		{01AF7C53-6EEC-4D8A-9244-417C9BEDE19F}.Release|Any CPU.ActiveCfg = Release|Any CPU
		{01AF7C53-6EEC-4D8A-9244-417C9BEDE19F}.Release|Any CPU.Build.0 = Release|Any CPU
		{693F79A8-C17D-4747-8C65-9556FD8B4905}.Debug|Any CPU.ActiveCfg = Debug|Any CPU
		{693F79A8-C17D-4747-8C65-9556FD8B4905}.Debug|Any CPU.Build.0 = Debug|Any CPU
		{693F79A8-C17D-4747-8C65-9556FD8B4905}.Release|Any CPU.ActiveCfg = Release|Any CPU
		{693F79A8-C17D-4747-8C65-9556FD8B4905}.Release|Any CPU.Build.0 = Release|Any CPU
		{F9F0449E-31A4-4812-829E-A38382015CB3}.Debug|Any CPU.ActiveCfg = Debug|Any CPU
		{F9F0449E-31A4-4812-829E-A38382015CB3}.Debug|Any CPU.Build.0 = Debug|Any CPU
		{F9F0449E-31A4-4812-829E-A38382015CB3}.Release|Any CPU.ActiveCfg = Release|Any CPU
		{F9F0449E-31A4-4812-829E-A38382015CB3}.Release|Any CPU.Build.0 = Release|Any CPU
		{A7F75C10-9434-463A-9EDF-9C3AA03250D0}.Debug|Any CPU.ActiveCfg = Debug|Any CPU
		{A7F75C10-9434-463A-9EDF-9C3AA03250D0}.Debug|Any CPU.Build.0 = Debug|Any CPU
		{A7F75C10-9434-463A-9EDF-9C3AA03250D0}.Release|Any CPU.ActiveCfg = Release|Any CPU
		{A7F75C10-9434-463A-9EDF-9C3AA03250D0}.Release|Any CPU.Build.0 = Release|Any CPU
		{91FAF6BA-FDF9-4AB2-8774-611886CD4F84}.Debug|Any CPU.ActiveCfg = Debug|Any CPU
		{91FAF6BA-FDF9-4AB2-8774-611886CD4F84}.Debug|Any CPU.Build.0 = Debug|Any CPU
		{91FAF6BA-FDF9-4AB2-8774-611886CD4F84}.Release|Any CPU.ActiveCfg = Release|Any CPU
		{91FAF6BA-FDF9-4AB2-8774-611886CD4F84}.Release|Any CPU.Build.0 = Release|Any CPU
	EndGlobalSection
	GlobalSection(SolutionProperties) = preSolution
		HideSolutionNode = FALSE
	EndGlobalSection
	GlobalSection(ExtensibilityGlobals) = postSolution
		SolutionGuid = {EF553DCB-CB44-4B48-9738-CD1F88E622B4}
	EndGlobalSection
EndGlobal
